
Microsoft Visual Studio Solution File, Format Version 12.00
# Visual Studio Version 17
VisualStudioVersion = 17.0.31903.59
MinimumVisualStudioVersion = 10.0.40219.1
Project("{9A19103F-16F7-4668-BE54-9A1E7A4F7556}") = "SocketIOClient", "src\SocketIOClient\SocketIOClient.csproj", "{FFF33EC4-5BFA-4BC4-BB09-014192A0EA37}"
EndProject
Project("{9A19103F-16F7-4668-BE54-9A1E7A4F7556}") = "SocketIOClient.Windows7", "src\SocketIOClient.Windows7\SocketIOClient.Windows7.csproj", "{8EA5705A-16D6-4477-9682-26E819402149}"
EndProject
Project("{9A19103F-16F7-4668-BE54-9A1E7A4F7556}") = "SocketIOClient.UnitTests", "tests\SocketIOClient.UnitTests\SocketIOClient.UnitTests.csproj", "{B3A90FB0-5D1C-499C-A2F9-6E4DD331C8E9}"
EndProject
Project("{9A19103F-16F7-4668-BE54-9A1E7A4F7556}") = "SocketIOClient.IntegrationTests", "tests\SocketIOClient.IntegrationTests\SocketIOClient.IntegrationTests.csproj", "{3987863F-026D-4B74-AD7F-E29470DA16A8}"
EndProject
Project("{FAE04EC0-301F-11D3-BF4B-00C04F79EFBC}") = "SocketIOClient.IntegrationTests.Net472", "tests\SocketIOClient.IntegrationTests.Net472\SocketIOClient.IntegrationTests.Net472.csproj", "{A12339F8-B60D-4296-A61E-A6FFFA4C4A73}"
EndProject
Project("{FAE04EC0-301F-11D3-BF4B-00C04F79EFBC}") = "SocketIOClient.IntegrationTests.Common", "tests\SocketIOClient.IntegrationTests.Common\SocketIOClient.IntegrationTests.Common.csproj", "{8C62BD1E-9F14-4170-8E19-29A39996AAA2}"
EndProject
Project("{2150E333-8FDC-42A3-9474-1A3956D46DE8}") = "src", "src", "{7FFBC536-6E48-400E-AB05-BEAEAE45CAAC}"
EndProject
Project("{2150E333-8FDC-42A3-9474-1A3956D46DE8}") = "tests", "tests", "{335237B5-C6F5-4D4D-BD0C-006558A6F1B6}"
EndProject
Project("{FAE04EC0-301F-11D3-BF4B-00C04F79EFBC}") = "SocketIO.Serializer.Core", "src\SocketIO.Serializer.Core\SocketIO.Serializer.Core.csproj", "{2D5C3E28-CB0F-40BF-AEBF-FC1EF7E07F03}"
EndProject
Project("{FAE04EC0-301F-11D3-BF4B-00C04F79EFBC}") = "SocketIO.Serializer.SystemTextJson", "src\SocketIO.Serializer.SystemTextJson\SocketIO.Serializer.SystemTextJson.csproj", "{6237820C-D794-43E7-B0CE-F4EFA13004E9}"
EndProject
Project("{FAE04EC0-301F-11D3-BF4B-00C04F79EFBC}") = "SocketIO.Serializer.SystemTextJson.Tests", "tests\SocketIO.Serializer.SystemTextJson.Tests\SocketIO.Serializer.SystemTextJson.Tests.csproj", "{9C5B4812-4C20-448B-B01B-C8C0A9117B1E}"
EndProject
Project("{FAE04EC0-301F-11D3-BF4B-00C04F79EFBC}") = "SocketIO.Core", "src\SocketIO.Core\SocketIO.Core.csproj", "{93CDCF52-263C-4FF9-B55A-BBDFE315E1BB}"
EndProject
Project("{FAE04EC0-301F-11D3-BF4B-00C04F79EFBC}") = "SocketIO.Serializer.NewtonsoftJson", "src\SocketIO.Serializer.NewtonsoftJson\SocketIO.Serializer.NewtonsoftJson.csproj", "{30A74619-DB12-47B7-8CA5-F9593A53ECCA}"
EndProject
Project("{FAE04EC0-301F-11D3-BF4B-00C04F79EFBC}") = "SocketIO.Serializer.NewtonsoftJson.Tests", "tests\SocketIO.Serializer.NewtonsoftJson.Tests\SocketIO.Serializer.NewtonsoftJson.Tests.csproj", "{23176B4F-95F2-4306-9ADF-F3DCB049BAD7}"
EndProject
Project("{FAE04EC0-301F-11D3-BF4B-00C04F79EFBC}") = "SocketIO.Serializer.Tests.Models", "tests\SocketIO.Serializer.Tests.Models\SocketIO.Serializer.Tests.Models.csproj", "{71F5D56A-9E90-4783-BD6E-10D9B03FE9E4}"
EndProject
Project("{FAE04EC0-301F-11D3-BF4B-00C04F79EFBC}") = "SocketIO.Serializer.MessagePack", "src\SocketIO.Serializer.MessagePack\SocketIO.Serializer.MessagePack.csproj", "{A44203AD-AE22-4C41-9A2C-F1F9C8C5EBCF}"
EndProject
Project("{FAE04EC0-301F-11D3-BF4B-00C04F79EFBC}") = "SocketIO.Serializer.MessagePack.Tests", "tests\SocketIO.Serializer.MessagePack.Tests\SocketIO.Serializer.MessagePack.Tests.csproj", "{08B752C2-4C4E-4B69-9D1A-CBFFF3EC183D}"
EndProject
Global
	GlobalSection(SolutionConfigurationPlatforms) = preSolution
		Debug|Any CPU = Debug|Any CPU
		Release|Any CPU = Release|Any CPU
	EndGlobalSection
	GlobalSection(ProjectConfigurationPlatforms) = postSolution
		{FFF33EC4-5BFA-4BC4-BB09-014192A0EA37}.Debug|Any CPU.ActiveCfg = Debug|Any CPU
		{FFF33EC4-5BFA-4BC4-BB09-014192A0EA37}.Debug|Any CPU.Build.0 = Debug|Any CPU
		{FFF33EC4-5BFA-4BC4-BB09-014192A0EA37}.Release|Any CPU.ActiveCfg = Release|Any CPU
		{FFF33EC4-5BFA-4BC4-BB09-014192A0EA37}.Release|Any CPU.Build.0 = Release|Any CPU
		{8EA5705A-16D6-4477-9682-26E819402149}.Debug|Any CPU.ActiveCfg = Debug|Any CPU
		{8EA5705A-16D6-4477-9682-26E819402149}.Debug|Any CPU.Build.0 = Debug|Any CPU
		{8EA5705A-16D6-4477-9682-26E819402149}.Release|Any CPU.ActiveCfg = Release|Any CPU
		{8EA5705A-16D6-4477-9682-26E819402149}.Release|Any CPU.Build.0 = Release|Any CPU
		{B3A90FB0-5D1C-499C-A2F9-6E4DD331C8E9}.Debug|Any CPU.ActiveCfg = Debug|Any CPU
		{B3A90FB0-5D1C-499C-A2F9-6E4DD331C8E9}.Debug|Any CPU.Build.0 = Debug|Any CPU
		{B3A90FB0-5D1C-499C-A2F9-6E4DD331C8E9}.Release|Any CPU.ActiveCfg = Release|Any CPU
		{B3A90FB0-5D1C-499C-A2F9-6E4DD331C8E9}.Release|Any CPU.Build.0 = Release|Any CPU
		{3987863F-026D-4B74-AD7F-E29470DA16A8}.Debug|Any CPU.ActiveCfg = Debug|Any CPU
		{3987863F-026D-4B74-AD7F-E29470DA16A8}.Debug|Any CPU.Build.0 = Debug|Any CPU
		{3987863F-026D-4B74-AD7F-E29470DA16A8}.Release|Any CPU.ActiveCfg = Release|Any CPU
		{3987863F-026D-4B74-AD7F-E29470DA16A8}.Release|Any CPU.Build.0 = Release|Any CPU
		{A12339F8-B60D-4296-A61E-A6FFFA4C4A73}.Debug|Any CPU.ActiveCfg = Debug|Any CPU
		{A12339F8-B60D-4296-A61E-A6FFFA4C4A73}.Debug|Any CPU.Build.0 = Debug|Any CPU
		{A12339F8-B60D-4296-A61E-A6FFFA4C4A73}.Release|Any CPU.ActiveCfg = Release|Any CPU
		{A12339F8-B60D-4296-A61E-A6FFFA4C4A73}.Release|Any CPU.Build.0 = Release|Any CPU
		{8C62BD1E-9F14-4170-8E19-29A39996AAA2}.Debug|Any CPU.ActiveCfg = Debug|Any CPU
		{8C62BD1E-9F14-4170-8E19-29A39996AAA2}.Debug|Any CPU.Build.0 = Debug|Any CPU
		{8C62BD1E-9F14-4170-8E19-29A39996AAA2}.Release|Any CPU.ActiveCfg = Release|Any CPU
		{8C62BD1E-9F14-4170-8E19-29A39996AAA2}.Release|Any CPU.Build.0 = Release|Any CPU
		{2D5C3E28-CB0F-40BF-AEBF-FC1EF7E07F03}.Debug|Any CPU.ActiveCfg = Debug|Any CPU
		{2D5C3E28-CB0F-40BF-AEBF-FC1EF7E07F03}.Debug|Any CPU.Build.0 = Debug|Any CPU
		{2D5C3E28-CB0F-40BF-AEBF-FC1EF7E07F03}.Release|Any CPU.ActiveCfg = Release|Any CPU
		{2D5C3E28-CB0F-40BF-AEBF-FC1EF7E07F03}.Release|Any CPU.Build.0 = Release|Any CPU
		{6237820C-D794-43E7-B0CE-F4EFA13004E9}.Debug|Any CPU.ActiveCfg = Debug|Any CPU
		{6237820C-D794-43E7-B0CE-F4EFA13004E9}.Debug|Any CPU.Build.0 = Debug|Any CPU
		{6237820C-D794-43E7-B0CE-F4EFA13004E9}.Release|Any CPU.ActiveCfg = Release|Any CPU
		{6237820C-D794-43E7-B0CE-F4EFA13004E9}.Release|Any CPU.Build.0 = Release|Any CPU
		{9C5B4812-4C20-448B-B01B-C8C0A9117B1E}.Debug|Any CPU.ActiveCfg = Debug|Any CPU
		{9C5B4812-4C20-448B-B01B-C8C0A9117B1E}.Debug|Any CPU.Build.0 = Debug|Any CPU
		{9C5B4812-4C20-448B-B01B-C8C0A9117B1E}.Release|Any CPU.ActiveCfg = Release|Any CPU
		{9C5B4812-4C20-448B-B01B-C8C0A9117B1E}.Release|Any CPU.Build.0 = Release|Any CPU
		{93CDCF52-263C-4FF9-B55A-BBDFE315E1BB}.Debug|Any CPU.ActiveCfg = Debug|Any CPU
		{93CDCF52-263C-4FF9-B55A-BBDFE315E1BB}.Debug|Any CPU.Build.0 = Debug|Any CPU
		{93CDCF52-263C-4FF9-B55A-BBDFE315E1BB}.Release|Any CPU.ActiveCfg = Release|Any CPU
		{93CDCF52-263C-4FF9-B55A-BBDFE315E1BB}.Release|Any CPU.Build.0 = Release|Any CPU
		{30A74619-DB12-47B7-8CA5-F9593A53ECCA}.Debug|Any CPU.ActiveCfg = Debug|Any CPU
		{30A74619-DB12-47B7-8CA5-F9593A53ECCA}.Debug|Any CPU.Build.0 = Debug|Any CPU
		{30A74619-DB12-47B7-8CA5-F9593A53ECCA}.Release|Any CPU.ActiveCfg = Release|Any CPU
		{30A74619-DB12-47B7-8CA5-F9593A53ECCA}.Release|Any CPU.Build.0 = Release|Any CPU
		{23176B4F-95F2-4306-9ADF-F3DCB049BAD7}.Debug|Any CPU.ActiveCfg = Debug|Any CPU
		{23176B4F-95F2-4306-9ADF-F3DCB049BAD7}.Debug|Any CPU.Build.0 = Debug|Any CPU
		{23176B4F-95F2-4306-9ADF-F3DCB049BAD7}.Release|Any CPU.ActiveCfg = Release|Any CPU
		{23176B4F-95F2-4306-9ADF-F3DCB049BAD7}.Release|Any CPU.Build.0 = Release|Any CPU
		{71F5D56A-9E90-4783-BD6E-10D9B03FE9E4}.Debug|Any CPU.ActiveCfg = Debug|Any CPU
		{71F5D56A-9E90-4783-BD6E-10D9B03FE9E4}.Debug|Any CPU.Build.0 = Debug|Any CPU
		{71F5D56A-9E90-4783-BD6E-10D9B03FE9E4}.Release|Any CPU.ActiveCfg = Release|Any CPU
		{71F5D56A-9E90-4783-BD6E-10D9B03FE9E4}.Release|Any CPU.Build.0 = Release|Any CPU
		{A44203AD-AE22-4C41-9A2C-F1F9C8C5EBCF}.Debug|Any CPU.ActiveCfg = Debug|Any CPU
		{A44203AD-AE22-4C41-9A2C-F1F9C8C5EBCF}.Debug|Any CPU.Build.0 = Debug|Any CPU
		{A44203AD-AE22-4C41-9A2C-F1F9C8C5EBCF}.Release|Any CPU.ActiveCfg = Release|Any CPU
		{A44203AD-AE22-4C41-9A2C-F1F9C8C5EBCF}.Release|Any CPU.Build.0 = Release|Any CPU
		{08B752C2-4C4E-4B69-9D1A-CBFFF3EC183D}.Debug|Any CPU.ActiveCfg = Debug|Any CPU
		{08B752C2-4C4E-4B69-9D1A-CBFFF3EC183D}.Debug|Any CPU.Build.0 = Debug|Any CPU
		{08B752C2-4C4E-4B69-9D1A-CBFFF3EC183D}.Release|Any CPU.ActiveCfg = Release|Any CPU
		{08B752C2-4C4E-4B69-9D1A-CBFFF3EC183D}.Release|Any CPU.Build.0 = Release|Any CPU
	EndGlobalSection
	GlobalSection(SolutionProperties) = preSolution
		HideSolutionNode = FALSE
	EndGlobalSection
	GlobalSection(ExtensibilityGlobals) = postSolution
		SolutionGuid = {E5CDE829-A11F-4384-BFA3-7F7140E83D99}
	EndGlobalSection
	GlobalSection(NestedProjects) = preSolution
		{FFF33EC4-5BFA-4BC4-BB09-014192A0EA37} = {7FFBC536-6E48-400E-AB05-BEAEAE45CAAC}
		{8EA5705A-16D6-4477-9682-26E819402149} = {7FFBC536-6E48-400E-AB05-BEAEAE45CAAC}
		{3987863F-026D-4B74-AD7F-E29470DA16A8} = {335237B5-C6F5-4D4D-BD0C-006558A6F1B6}
		{8C62BD1E-9F14-4170-8E19-29A39996AAA2} = {335237B5-C6F5-4D4D-BD0C-006558A6F1B6}
		{A12339F8-B60D-4296-A61E-A6FFFA4C4A73} = {335237B5-C6F5-4D4D-BD0C-006558A6F1B6}
		{B3A90FB0-5D1C-499C-A2F9-6E4DD331C8E9} = {335237B5-C6F5-4D4D-BD0C-006558A6F1B6}
		{2D5C3E28-CB0F-40BF-AEBF-FC1EF7E07F03} = {7FFBC536-6E48-400E-AB05-BEAEAE45CAAC}
		{6237820C-D794-43E7-B0CE-F4EFA13004E9} = {7FFBC536-6E48-400E-AB05-BEAEAE45CAAC}
		{9C5B4812-4C20-448B-B01B-C8C0A9117B1E} = {335237B5-C6F5-4D4D-BD0C-006558A6F1B6}
		{93CDCF52-263C-4FF9-B55A-BBDFE315E1BB} = {7FFBC536-6E48-400E-AB05-BEAEAE45CAAC}
		{30A74619-DB12-47B7-8CA5-F9593A53ECCA} = {7FFBC536-6E48-400E-AB05-BEAEAE45CAAC}
		{23176B4F-95F2-4306-9ADF-F3DCB049BAD7} = {335237B5-C6F5-4D4D-BD0C-006558A6F1B6}
		{71F5D56A-9E90-4783-BD6E-10D9B03FE9E4} = {335237B5-C6F5-4D4D-BD0C-006558A6F1B6}
		{A44203AD-AE22-4C41-9A2C-F1F9C8C5EBCF} = {7FFBC536-6E48-400E-AB05-BEAEAE45CAAC}
		{08B752C2-4C4E-4B69-9D1A-CBFFF3EC183D} = {335237B5-C6F5-4D4D-BD0C-006558A6F1B6}
	EndGlobalSection
EndGlobal
