
Microsoft Visual Studio Solution File, Format Version 12.00
# Visual Studio Version 16
VisualStudioVersion = 16.0.29102.190
MinimumVisualStudioVersion = 10.0.40219.1
Project("{9A19103F-16F7-4668-BE54-9A1E7A4F7556}") = "SocketIOClient.Test", "SocketIOClient.Test\SocketIOClient.Test.csproj", "{CD4458DA-B220-4B01-8E40-F75869387985}"
EndProject
Project("{9A19103F-16F7-4668-BE54-9A1E7A4F7556}") = "SocketIOClient", "SocketIOClient\SocketIOClient.csproj", "{FFF33EC4-5BFA-4BC4-BB09-014192A0EA37}"
EndProject
Project("{9A19103F-16F7-4668-BE54-9A1E7A4F7556}") = "SocketIOClient.Sample", "SocketIOClient.Sample\SocketIOClient.Sample.csproj", "{94A6907C-FC8C-46C3-8A08-6B7BFE898932}"
EndProject
Project("{9092AA53-FB77-4645-B42D-1CCCA6BD08BD}") = "socket.io-server", "socket.io-server\socket.io-server.njsproj", "{119C9355-7CEE-497E-B758-4C2590796934}"
EndProject
Project("{9092AA53-FB77-4645-B42D-1CCCA6BD08BD}") = "socket.io-client", "socket.io-client\socket.io-client.njsproj", "{DA937A68-654F-4955-9F74-BE209A696C4D}"
EndProject
Global
	GlobalSection(SolutionConfigurationPlatforms) = preSolution
		Debug|Any CPU = Debug|Any CPU
		Release|Any CPU = Release|Any CPU
	EndGlobalSection
	GlobalSection(ProjectConfigurationPlatforms) = postSolution
		{CD4458DA-B220-4B01-8E40-F75869387985}.Debug|Any CPU.ActiveCfg = Debug|Any CPU
		{CD4458DA-B220-4B01-8E40-F75869387985}.Debug|Any CPU.Build.0 = Debug|Any CPU
		{CD4458DA-B220-4B01-8E40-F75869387985}.Release|Any CPU.ActiveCfg = Release|Any CPU
		{CD4458DA-B220-4B01-8E40-F75869387985}.Release|Any CPU.Build.0 = Release|Any CPU
		{FFF33EC4-5BFA-4BC4-BB09-014192A0EA37}.Debug|Any CPU.ActiveCfg = Debug|Any CPU
		{FFF33EC4-5BFA-4BC4-BB09-014192A0EA37}.Debug|Any CPU.Build.0 = Debug|Any CPU
		{FFF33EC4-5BFA-4BC4-BB09-014192A0EA37}.Release|Any CPU.ActiveCfg = Release|Any CPU
		{FFF33EC4-5BFA-4BC4-BB09-014192A0EA37}.Release|Any CPU.Build.0 = Release|Any CPU
		{94A6907C-FC8C-46C3-8A08-6B7BFE898932}.Debug|Any CPU.ActiveCfg = Debug|Any CPU
		{94A6907C-FC8C-46C3-8A08-6B7BFE898932}.Debug|Any CPU.Build.0 = Debug|Any CPU
		{94A6907C-FC8C-46C3-8A08-6B7BFE898932}.Release|Any CPU.ActiveCfg = Release|Any CPU
		{94A6907C-FC8C-46C3-8A08-6B7BFE898932}.Release|Any CPU.Build.0 = Release|Any CPU
		{119C9355-7CEE-497E-B758-4C2590796934}.Debug|Any CPU.ActiveCfg = Debug|Any CPU
		{119C9355-7CEE-497E-B758-4C2590796934}.Debug|Any CPU.Build.0 = Debug|Any CPU
		{119C9355-7CEE-497E-B758-4C2590796934}.Release|Any CPU.ActiveCfg = Release|Any CPU
		{119C9355-7CEE-497E-B758-4C2590796934}.Release|Any CPU.Build.0 = Release|Any CPU
		{DA937A68-654F-4955-9F74-BE209A696C4D}.Debug|Any CPU.ActiveCfg = Debug|Any CPU
		{DA937A68-654F-4955-9F74-BE209A696C4D}.Debug|Any CPU.Build.0 = Debug|Any CPU
		{DA937A68-654F-4955-9F74-BE209A696C4D}.Release|Any CPU.ActiveCfg = Release|Any CPU
		{DA937A68-654F-4955-9F74-BE209A696C4D}.Release|Any CPU.Build.0 = Release|Any CPU
	EndGlobalSection
	GlobalSection(SolutionProperties) = preSolution
		HideSolutionNode = FALSE
	EndGlobalSection
	GlobalSection(ExtensibilityGlobals) = postSolution
		SolutionGuid = {E5CDE829-A11F-4384-BFA3-7F7140E83D99}
	EndGlobalSection
EndGlobal
