
Microsoft Visual Studio Solution File, Format Version 12.00
# Visual Studio Version 17
VisualStudioVersion = 17.0.31903.59
MinimumVisualStudioVersion = 10.0.40219.1
Project("{9A19103F-16F7-4668-BE54-9A1E7A4F7556}") = "SocketIOClient", "SocketIOClient\SocketIOClient.csproj", "{FFF33EC4-5BFA-4BC4-BB09-014192A0EA37}"
EndProject
Project("{9A19103F-16F7-4668-BE54-9A1E7A4F7556}") = "SocketIOClient.Newtonsoft.Json", "SocketIOClient.Newtonsoft.Json\SocketIOClient.Newtonsoft.Json.csproj", "{BAA4FB87-51B4-415F-AB05-315ED1132F78}"
EndProject
Project("{9A19103F-16F7-4668-BE54-9A1E7A4F7556}") = "SocketIOClient.Windows7", "SocketIOClient.Windows7\SocketIOClient.Windows7.csproj", "{8EA5705A-16D6-4477-9682-26E819402149}"
EndProject
Project("{9A19103F-16F7-4668-BE54-9A1E7A4F7556}") = "SocketIOClient.UnitTest", "SocketIOClient.UnitTest\SocketIOClient.UnitTest.csproj", "{B3A90FB0-5D1C-499C-A2F9-6E4DD331C8E9}"
EndProject
Project("{9A19103F-16F7-4668-BE54-9A1E7A4F7556}") = "SocketIOClient.IntegrationTests", "SocketIOClient.IntegrationTests\SocketIOClient.IntegrationTests.csproj", "{3987863F-026D-4B74-AD7F-E29470DA16A8}"
EndProject
Project("{FAE04EC0-301F-11D3-BF4B-00C04F79EFBC}") = "SocketIOClient.IntegrationTests.Net472", "SocketIOClient.IntegrationTests.Net472\SocketIOClient.IntegrationTests.Net472.csproj", "{A12339F8-B60D-4296-A61E-A6FFFA4C4A73}"
EndProject
Project("{FAE04EC0-301F-11D3-BF4B-00C04F79EFBC}") = "SocketIOClient.IntegrationTests.Common", "SocketIOClient.IntegrationTests.Common\SocketIOClient.IntegrationTests.Common.csproj", "{8C62BD1E-9F14-4170-8E19-29A39996AAA2}"
EndProject
Global
	GlobalSection(SolutionConfigurationPlatforms) = preSolution
		Debug|Any CPU = Debug|Any CPU
		Release|Any CPU = Release|Any CPU
	EndGlobalSection
	GlobalSection(ProjectConfigurationPlatforms) = postSolution
		{FFF33EC4-5BFA-4BC4-BB09-014192A0EA37}.Debug|Any CPU.ActiveCfg = Debug|Any CPU
		{FFF33EC4-5BFA-4BC4-BB09-014192A0EA37}.Debug|Any CPU.Build.0 = Debug|Any CPU
		{FFF33EC4-5BFA-4BC4-BB09-014192A0EA37}.Release|Any CPU.ActiveCfg = Release|Any CPU
		{FFF33EC4-5BFA-4BC4-BB09-014192A0EA37}.Release|Any CPU.Build.0 = Release|Any CPU
		{BAA4FB87-51B4-415F-AB05-315ED1132F78}.Debug|Any CPU.ActiveCfg = Debug|Any CPU
		{BAA4FB87-51B4-415F-AB05-315ED1132F78}.Debug|Any CPU.Build.0 = Debug|Any CPU
		{BAA4FB87-51B4-415F-AB05-315ED1132F78}.Release|Any CPU.ActiveCfg = Release|Any CPU
		{BAA4FB87-51B4-415F-AB05-315ED1132F78}.Release|Any CPU.Build.0 = Release|Any CPU
		{8EA5705A-16D6-4477-9682-26E819402149}.Debug|Any CPU.ActiveCfg = Debug|Any CPU
		{8EA5705A-16D6-4477-9682-26E819402149}.Debug|Any CPU.Build.0 = Debug|Any CPU
		{8EA5705A-16D6-4477-9682-26E819402149}.Release|Any CPU.ActiveCfg = Release|Any CPU
		{8EA5705A-16D6-4477-9682-26E819402149}.Release|Any CPU.Build.0 = Release|Any CPU
		{B3A90FB0-5D1C-499C-A2F9-6E4DD331C8E9}.Debug|Any CPU.ActiveCfg = Debug|Any CPU
		{B3A90FB0-5D1C-499C-A2F9-6E4DD331C8E9}.Debug|Any CPU.Build.0 = Debug|Any CPU
		{B3A90FB0-5D1C-499C-A2F9-6E4DD331C8E9}.Release|Any CPU.ActiveCfg = Release|Any CPU
		{B3A90FB0-5D1C-499C-A2F9-6E4DD331C8E9}.Release|Any CPU.Build.0 = Release|Any CPU
		{3987863F-026D-4B74-AD7F-E29470DA16A8}.Debug|Any CPU.ActiveCfg = Debug|Any CPU
		{3987863F-026D-4B74-AD7F-E29470DA16A8}.Debug|Any CPU.Build.0 = Debug|Any CPU
		{3987863F-026D-4B74-AD7F-E29470DA16A8}.Release|Any CPU.ActiveCfg = Release|Any CPU
		{3987863F-026D-4B74-AD7F-E29470DA16A8}.Release|Any CPU.Build.0 = Release|Any CPU
		{A12339F8-B60D-4296-A61E-A6FFFA4C4A73}.Debug|Any CPU.ActiveCfg = Debug|Any CPU
		{A12339F8-B60D-4296-A61E-A6FFFA4C4A73}.Debug|Any CPU.Build.0 = Debug|Any CPU
		{A12339F8-B60D-4296-A61E-A6FFFA4C4A73}.Release|Any CPU.ActiveCfg = Release|Any CPU
		{A12339F8-B60D-4296-A61E-A6FFFA4C4A73}.Release|Any CPU.Build.0 = Release|Any CPU
		{8C62BD1E-9F14-4170-8E19-29A39996AAA2}.Debug|Any CPU.ActiveCfg = Debug|Any CPU
		{8C62BD1E-9F14-4170-8E19-29A39996AAA2}.Debug|Any CPU.Build.0 = Debug|Any CPU
		{8C62BD1E-9F14-4170-8E19-29A39996AAA2}.Release|Any CPU.ActiveCfg = Release|Any CPU
		{8C62BD1E-9F14-4170-8E19-29A39996AAA2}.Release|Any CPU.Build.0 = Release|Any CPU
	EndGlobalSection
	GlobalSection(SolutionProperties) = preSolution
		HideSolutionNode = FALSE
	EndGlobalSection
	GlobalSection(ExtensibilityGlobals) = postSolution
		SolutionGuid = {E5CDE829-A11F-4384-BFA3-7F7140E83D99}
	EndGlobalSection
EndGlobal
